
Microsoft Visual Studio Solution File, Format Version 12.00
# Visual Studio Version 16
VisualStudioVersion = 16.0.33328.57
MinimumVisualStudioVersion = 10.0.40219.1
Project("{FAE04EC0-301F-11D3-BF4B-00C04F79EFBC}") = "SkillFactory_5_2_18", "SkillFactory_5_2_18.csproj", "{CA976537-5A1F-4C7D-8FE4-EDB1F407EC51}"
EndProject
Global
	GlobalSection(SolutionConfigurationPlatforms) = preSolution
		Debug|Any CPU = Debug|Any CPU
		Release|Any CPU = Release|Any CPU
	EndGlobalSection
	GlobalSection(ProjectConfigurationPlatforms) = postSolution
		{CA976537-5A1F-4C7D-8FE4-EDB1F407EC51}.Debug|Any CPU.ActiveCfg = Debug|Any CPU
		{CA976537-5A1F-4C7D-8FE4-EDB1F407EC51}.Debug|Any CPU.Build.0 = Debug|Any CPU
		{CA976537-5A1F-4C7D-8FE4-EDB1F407EC51}.Release|Any CPU.ActiveCfg = Release|Any CPU
		{CA976537-5A1F-4C7D-8FE4-EDB1F407EC51}.Release|Any CPU.Build.0 = Release|Any CPU
	EndGlobalSection
	GlobalSection(SolutionProperties) = preSolution
		HideSolutionNode = FALSE
	EndGlobalSection
	GlobalSection(ExtensibilityGlobals) = postSolution
		SolutionGuid = {B8DFA84F-3183-469A-8C8F-9A56AD5BF2CE}
	EndGlobalSection
EndGlobal
